
Microsoft Visual Studio Solution File, Format Version 12.00
# Visual Studio Version 17
VisualStudioVersion = 17.4.33205.214
MinimumVisualStudioVersion = 10.0.40219.1
Project("{FAE04EC0-301F-11D3-BF4B-00C04F79EFBC}") = "interface.01", "interface.01.csproj", "{E3A28204-66A2-48FD-98A2-973FADEB3949}"
EndProject
Global
	GlobalSection(SolutionConfigurationPlatforms) = preSolution
		Debug|Any CPU = Debug|Any CPU
		Release|Any CPU = Release|Any CPU
	EndGlobalSection
	GlobalSection(ProjectConfigurationPlatforms) = postSolution
		{E3A28204-66A2-48FD-98A2-973FADEB3949}.Debug|Any CPU.ActiveCfg = Debug|Any CPU
		{E3A28204-66A2-48FD-98A2-973FADEB3949}.Debug|Any CPU.Build.0 = Debug|Any CPU
		{E3A28204-66A2-48FD-98A2-973FADEB3949}.Release|Any CPU.ActiveCfg = Release|Any CPU
		{E3A28204-66A2-48FD-98A2-973FADEB3949}.Release|Any CPU.Build.0 = Release|Any CPU
	EndGlobalSection
	GlobalSection(SolutionProperties) = preSolution
		HideSolutionNode = FALSE
	EndGlobalSection
	GlobalSection(ExtensibilityGlobals) = postSolution
		SolutionGuid = {28F153DB-4F9B-4EA5-8DE9-1AD04AE2A8CD}
	EndGlobalSection
EndGlobal
